<?xml version="1.0" encoding="utf-8"?>
<Project ToolsVersion="4.0" xmlns="http://schemas.microsoft.com/developer/msbuild/2003">
  <ItemGroup>
    <Filter Include="Engine">
      <UniqueIdentifier>{e5ac9346-5f75-4b34-9c87-0b7a9bddcdb3}</UniqueIdentifier>
    </Filter>
    <Filter Include="Resources">
      <UniqueIdentifier>{4b407c04-bc52-4783-83d3-9fb2d84bfc1e}</UniqueIdentifier>
    </Filter>
    <Filter Include="Engine\AI">
      <UniqueIdentifier>{56c44b97-8b3f-4502-b468-0b9dac131b9b}</UniqueIdentifier>
    </Filter>
    <Filter Include="Engine\Audio">
      <UniqueIdentifier>{6d2a90a9-75f7-49a3-9b9e-b502397a734b}</UniqueIdentifier>
    </Filter>
    <Filter Include="Engine\FileIO">
      <UniqueIdentifier>{0760a3dd-dc08-4ab0-9dfc-9087a74af9c2}</UniqueIdentifier>
    </Filter>
    <Filter Include="Engine\Graphics">
      <UniqueIdentifier>{08c13242-5736-4926-a182-0c5421411272}</UniqueIdentifier>
    </Filter>
    <Filter Include="Engine\Physics">
      <UniqueIdentifier>{42eaa370-6f66-450f-aa5f-042f0d9b49ca}</UniqueIdentifier>
    </Filter>
    <Filter Include="Engine\Tools">
      <UniqueIdentifier>{55094a54-883f-424a-bc96-3c53b5bbd9d1}</UniqueIdentifier>
    </Filter>
    <Filter Include="Engine\Graphics\UI">
      <UniqueIdentifier>{0f45a4ca-a841-4035-a2f3-cc67e81e511d}</UniqueIdentifier>
    </Filter>
    <Filter Include="Engine\Tools\LevelEditor">
      <UniqueIdentifier>{c70b75aa-c792-4eb1-a75c-652195bdb247}</UniqueIdentifier>
    </Filter>
    <Filter Include="Resources\Audio">
      <UniqueIdentifier>{44d506d5-5b41-4097-a0e3-d7c3a8317cd3}</UniqueIdentifier>
    </Filter>
    <Filter Include="Resources\Levels">
      <UniqueIdentifier>{d156a664-ce98-4f80-bc38-c494094ff818}</UniqueIdentifier>
    </Filter>
    <Filter Include="Resources\Sprites">
      <UniqueIdentifier>{95cbd263-18c7-4ba0-a147-e8e8588b3f9f}</UniqueIdentifier>
    </Filter>
    <Filter Include="Resources\UI">
      <UniqueIdentifier>{32d1376a-4037-46be-b6fe-35f906fd5ef6}</UniqueIdentifier>
    </Filter>
    <Filter Include="Engine\GameObjects">
      <UniqueIdentifier>{538b9ef7-73a5-459d-a461-42f205c14b3d}</UniqueIdentifier>
    </Filter>
    <Filter Include="Engine\Managers">
      <UniqueIdentifier>{26faa8bf-974d-40b5-b889-21ab258c934a}</UniqueIdentifier>
    </Filter>
    <Filter Include="Engine\Graphics\Shaders">
      <UniqueIdentifier>{8f10024e-6222-47c0-83e5-679de881b965}</UniqueIdentifier>
    </Filter>
    <Filter Include="Engine\Structure">
      <UniqueIdentifier>{2e610b81-e2f8-4347-8d90-edcc56b6f1c1}</UniqueIdentifier>
    </Filter>
    <Filter Include="Engine\Managers\Events">
      <UniqueIdentifier>{fe343eac-e903-4a37-800d-6b7c75317835}</UniqueIdentifier>
    </Filter>
    <Filter Include="Engine\Helpers">
      <UniqueIdentifier>{b7094138-64a7-40ab-b98e-13bc2b8ff7e4}</UniqueIdentifier>
    </Filter>
    <Filter Include="Engine\Includes">
      <UniqueIdentifier>{849334a7-9492-4248-8ccb-4876c67dd766}</UniqueIdentifier>
    </Filter>
    <Filter Include="Engine\Includes\IMGUI">
      <UniqueIdentifier>{25e05f73-ba22-439a-a374-c951e2bf745f}</UniqueIdentifier>
    </Filter>
    <Filter Include="Engine\Scenes">
      <UniqueIdentifier>{1dd4e68e-7a12-4c4c-9e2b-6c5bfd8206be}</UniqueIdentifier>
    </Filter>
    <Filter Include="Engine\EditorUI">
      <UniqueIdentifier>{f37b6a14-892f-408c-b813-6cd328411a91}</UniqueIdentifier>
    </Filter>
    <Filter Include="Engine\GameObjects\TileMap">
      <UniqueIdentifier>{4362da10-2646-4398-9553-b164f7571686}</UniqueIdentifier>
    </Filter>
    <Filter Include="Engine\Includes\FMOD">
      <UniqueIdentifier>{c843e429-6caa-48d0-bfb4-53854ba97bf5}</UniqueIdentifier>
    </Filter>
    <Filter Include="Resources\DebugColours">
      <UniqueIdentifier>{e1480dde-4628-43e7-af6d-078fd29de11b}</UniqueIdentifier>
    </Filter>
  </ItemGroup>
  <ItemGroup>
    <ClInclude Include="Engine\stdafx.h">
      <Filter>Engine</Filter>
    </ClInclude>
    <ClInclude Include="Engine\GameObjects\CameraGameObject.h">
      <Filter>Engine\GameObjects</Filter>
    </ClInclude>
    <ClInclude Include="Engine\GameObjects\GameObject.h">
      <Filter>Engine\GameObjects</Filter>
    </ClInclude>
    <ClInclude Include="Engine\GameObjects\Transform.h">
      <Filter>Engine\GameObjects</Filter>
    </ClInclude>
    <ClInclude Include="Engine\Managers\GameManager.h">
      <Filter>Engine\Managers</Filter>
    </ClInclude>
    <ClInclude Include="Engine\Managers\AudioManager.h">
      <Filter>Engine\Managers</Filter>
    </ClInclude>
    <ClInclude Include="Engine\Managers\SceneGraph.h">
      <Filter>Engine\Managers</Filter>
    </ClInclude>
    <ClInclude Include="Engine\Graphics\ConstantBuffer.h">
      <Filter>Engine\Graphics</Filter>
    </ClInclude>
    <ClInclude Include="Engine\Graphics\ConstantBuffers.h">
      <Filter>Engine\Graphics</Filter>
    </ClInclude>
    <ClInclude Include="Engine\Graphics\DDSTextureLoader.h">
      <Filter>Engine\Graphics</Filter>
    </ClInclude>
    <ClInclude Include="Engine\Graphics\Mesh.h">
      <Filter>Engine\Graphics</Filter>
    </ClInclude>
    <ClInclude Include="Engine\Graphics\Vertices.h">
      <Filter>Engine\Graphics</Filter>
    </ClInclude>
    <ClInclude Include="Engine\Structure\Singleton.h">
      <Filter>Engine\Structure</Filter>
    </ClInclude>
    <ClInclude Include="Engine\Physics\Box.h">
      <Filter>Engine\Physics</Filter>
    </ClInclude>
    <ClInclude Include="Engine\Physics\Circle.h">
      <Filter>Engine\Physics</Filter>
    </ClInclude>
    <ClInclude Include="Engine\Physics\Collision.h">
      <Filter>Engine\Physics</Filter>
    </ClInclude>
    <ClInclude Include="Engine\Physics\Line.h">
      <Filter>Engine\Physics</Filter>
    </ClInclude>
    <ClInclude Include="Engine\Physics\Particle.h">
      <Filter>Engine\Physics</Filter>
    </ClInclude>
    <ClInclude Include="Engine\Physics\ParticleManager.h">
      <Filter>Engine\Physics</Filter>
    </ClInclude>
    <ClInclude Include="Engine\Physics\ParticleSystem.h">
      <Filter>Engine\Physics</Filter>
    </ClInclude>
    <ClInclude Include="Engine\Managers\GraphicsManager.h">
      <Filter>Engine\Managers</Filter>
    </ClInclude>
    <ClInclude Include="Engine\Helpers\DebugHelper.h">
      <Filter>Engine\Helpers</Filter>
    </ClInclude>
    <ClInclude Include="Engine\Helpers\MathHelper.h">
      <Filter>Engine\Helpers</Filter>
    </ClInclude>
    <ClInclude Include="Engine\Graphics\SpriteAnimation.h">
      <Filter>Engine\Graphics</Filter>
    </ClInclude>
    <ClInclude Include="Engine\Helpers\Timer.h">
      <Filter>Engine\Helpers</Filter>
    </ClInclude>
    <ClInclude Include="Engine\Includes\IMGUI\imconfig.h">
      <Filter>Engine\Includes\IMGUI</Filter>
    </ClInclude>
    <ClInclude Include="Engine\Includes\IMGUI\imgui.h">
      <Filter>Engine\Includes\IMGUI</Filter>
    </ClInclude>
    <ClInclude Include="Engine\Includes\IMGUI\imgui_internal.h">
      <Filter>Engine\Includes\IMGUI</Filter>
    </ClInclude>
    <ClInclude Include="Engine\Includes\IMGUI\imstb_rectpack.h">
      <Filter>Engine\Includes\IMGUI</Filter>
    </ClInclude>
    <ClInclude Include="Engine\Includes\IMGUI\imstb_textedit.h">
      <Filter>Engine\Includes\IMGUI</Filter>
    </ClInclude>
    <ClInclude Include="Engine\Includes\IMGUI\imstb_truetype.h">
      <Filter>Engine\Includes\IMGUI</Filter>
    </ClInclude>
    <ClInclude Include="Engine\Includes\IMGUI\imgui_impl_dx11.h">
      <Filter>Engine\Includes\IMGUI</Filter>
    </ClInclude>
    <ClInclude Include="Engine\Includes\IMGUI\imgui_impl_win32.h">
      <Filter>Engine\Includes\IMGUI</Filter>
    </ClInclude>
    <ClInclude Include="Engine\Scene\Scene.h">
      <Filter>Engine\Scenes</Filter>
    </ClInclude>
    <ClInclude Include="Engine\EditorUI\EditorUI.h">
      <Filter>Engine\EditorUI</Filter>
    </ClInclude>
    <ClInclude Include="Engine\TileMap\TileMap\TileMap.h">
      <Filter>Engine\GameObjects\TileMap</Filter>
    </ClInclude>
    <ClInclude Include="Engine\TileMap\TileMap\Tile.h">
      <Filter>Engine\GameObjects\TileMap</Filter>
    </ClInclude>
    <ClInclude Include="Engine\Physics\Shape.h">
      <Filter>Engine\Physics</Filter>
    </ClInclude>
    <ClInclude Include="Engine\Helpers\Inputs.h">
      <Filter>Engine\Helpers</Filter>
    </ClInclude>
    <ClInclude Include="Engine\Managers\Events\EventObserver.h">
      <Filter>Engine\Managers\Events</Filter>
    </ClInclude>
    <ClInclude Include="Engine\Managers\Events\Events.h">
      <Filter>Engine\Managers\Events</Filter>
    </ClInclude>
    <ClInclude Include="Engine\Managers\Events\EventManager.h">
      <Filter>Engine\Managers\Events</Filter>
    </ClInclude>
    <ClInclude Include="Engine\Includes\FMOD\fmod.h">
      <Filter>Engine\Includes\FMOD</Filter>
    </ClInclude>
    <ClInclude Include="Engine\Includes\FMOD\fmod.hpp">
      <Filter>Engine\Includes\FMOD</Filter>
    </ClInclude>
    <ClInclude Include="Engine\Includes\FMOD\fmod_codec.h">
      <Filter>Engine\Includes\FMOD</Filter>
    </ClInclude>
    <ClInclude Include="Engine\Includes\FMOD\fmod_common.h">
      <Filter>Engine\Includes\FMOD</Filter>
    </ClInclude>
    <ClInclude Include="Engine\Includes\FMOD\fmod_dsp.h">
      <Filter>Engine\Includes\FMOD</Filter>
    </ClInclude>
    <ClInclude Include="Engine\Includes\FMOD\fmod_dsp_effects.h">
      <Filter>Engine\Includes\FMOD</Filter>
    </ClInclude>
    <ClInclude Include="Engine\Includes\FMOD\fmod_errors.h">
      <Filter>Engine\Includes\FMOD</Filter>
    </ClInclude>
    <ClInclude Include="Engine\Includes\FMOD\fmod_output.h">
      <Filter>Engine\Includes\FMOD</Filter>
    </ClInclude>
    <ClInclude Include="Engine\ResourceDefines.h">
      <Filter>Engine</Filter>
    </ClInclude>
    <ClInclude Include="Engine\GameObjects\PlayerGameObject.h">
      <Filter>Engine\GameObjects</Filter>
    </ClInclude>
    <ClInclude Include="Engine\GameObjects\CharacterGameObject.h">
      <Filter>Engine\GameObjects</Filter>
    </ClInclude>
    <ClInclude Include="Engine\Tools\ToolBase.h">
      <Filter>Engine\Tools</Filter>
    </ClInclude>
    <ClInclude Include="Engine\Tools\TileMapTool.h">
      <Filter>Engine\Tools</Filter>
    </ClInclude>
    <ClInclude Include="Engine\Managers\DebugDrawManager.h">
      <Filter>Engine\Managers</Filter>
    </ClInclude>
    <ClInclude Include="Engine\GameObjects\DebugRect.h">
      <Filter>Engine\GameObjects</Filter>
    </ClInclude>
    <ClInclude Include="Engine\Structure\UIComponent.h">
      <Filter>Engine\Structure</Filter>
    </ClInclude>
    <ClInclude Include="Engine\Tools\AnimationTool.h">
      <Filter>Engine\Tools</Filter>
    </ClInclude>
    <ClInclude Include="Engine\Managers\UiManager.h" />
    <ClInclude Include="Engine\GameUI\UiElement.h" />
    <ClInclude Include="Engine\GameUI\UiCanvas.h" />
  </ItemGroup>
  <ItemGroup>
    <ClCompile Include="Engine\Main.cpp">
      <Filter>Engine</Filter>
    </ClCompile>
    <ClCompile Include="Engine\GameObjects\CameraGameObject.cpp">
      <Filter>Engine\GameObjects</Filter>
    </ClCompile>
    <ClCompile Include="Engine\GameObjects\GameObject.cpp">
      <Filter>Engine\GameObjects</Filter>
    </ClCompile>
    <ClCompile Include="Engine\GameObjects\Transform.cpp">
      <Filter>Engine\GameObjects</Filter>
    </ClCompile>
    <ClCompile Include="Engine\Managers\GameManager.cpp">
      <Filter>Engine\Managers</Filter>
    </ClCompile>
    <ClCompile Include="Engine\Managers\AudioManager.cpp">
      <Filter>Engine\Managers</Filter>
    </ClCompile>
    <ClCompile Include="Engine\Managers\SceneGraph.cpp">
      <Filter>Engine\Managers</Filter>
    </ClCompile>
    <ClCompile Include="Engine\Graphics\DDSTextureLoader.cpp">
      <Filter>Engine\Graphics</Filter>
    </ClCompile>
    <ClCompile Include="Engine\Physics\Collision.cpp">
      <Filter>Engine\Physics</Filter>
    </ClCompile>
    <ClCompile Include="Engine\Physics\Particle.cpp">
      <Filter>Engine\Physics</Filter>
    </ClCompile>
    <ClCompile Include="Engine\Physics\ParticleManager.cpp">
      <Filter>Engine\Physics</Filter>
    </ClCompile>
    <ClCompile Include="Engine\Physics\ParticleSystem.cpp">
      <Filter>Engine\Physics</Filter>
    </ClCompile>
    <ClCompile Include="Engine\Managers\GraphicsManager.cpp">
      <Filter>Engine\Managers</Filter>
    </ClCompile>
    <ClCompile Include="Engine\Graphics\SpriteAnimation.cpp">
      <Filter>Engine\Graphics</Filter>
    </ClCompile>
    <ClCompile Include="Engine\Helpers\Timer.cpp">
      <Filter>Engine\Helpers</Filter>
    </ClCompile>
    <ClCompile Include="Engine\Includes\IMGUI\imgui.cpp">
      <Filter>Engine\Includes\IMGUI</Filter>
    </ClCompile>
    <ClCompile Include="Engine\Includes\IMGUI\imgui_demo.cpp">
      <Filter>Engine\Includes\IMGUI</Filter>
    </ClCompile>
    <ClCompile Include="Engine\Includes\IMGUI\imgui_draw.cpp">
      <Filter>Engine\Includes\IMGUI</Filter>
    </ClCompile>
    <ClCompile Include="Engine\Includes\IMGUI\imgui_tables.cpp">
      <Filter>Engine\Includes\IMGUI</Filter>
    </ClCompile>
    <ClCompile Include="Engine\Includes\IMGUI\imgui_widgets.cpp">
      <Filter>Engine\Includes\IMGUI</Filter>
    </ClCompile>
    <ClCompile Include="Engine\Includes\IMGUI\imgui_impl_dx11.cpp">
      <Filter>Engine\Includes\IMGUI</Filter>
    </ClCompile>
    <ClCompile Include="Engine\Includes\IMGUI\imgui_impl_win32.cpp">
      <Filter>Engine\Includes\IMGUI</Filter>
    </ClCompile>
    <ClCompile Include="Engine\Scene\Scene.cpp">
      <Filter>Engine\Scenes</Filter>
    </ClCompile>
    <ClCompile Include="Engine\EditorUI\EditorUI.cpp">
      <Filter>Engine\EditorUI</Filter>
    </ClCompile>
    <ClCompile Include="Engine\TileMap\TileMap\TileMap.cpp">
      <Filter>Engine\GameObjects\TileMap</Filter>
    </ClCompile>
    <ClCompile Include="Engine\TileMap\TileMap\Tile.cpp">
      <Filter>Engine\GameObjects\TileMap</Filter>
    </ClCompile>
    <ClCompile Include="Engine\Helpers\Inputs.cpp">
      <Filter>Engine\Helpers</Filter>
    </ClCompile>
    <ClCompile Include="Engine\Managers\Events\EventObserver.cpp">
      <Filter>Engine\Managers\Events</Filter>
    </ClCompile>
    <ClCompile Include="Engine\Managers\Events\Events.cpp">
      <Filter>Engine\Managers\Events</Filter>
    </ClCompile>
    <ClCompile Include="Engine\Managers\Events\EventManager.cpp">
      <Filter>Engine\Managers\Events</Filter>
    </ClCompile>
    <ClCompile Include="Engine\GameObjects\PlayerGameObject.cpp">
      <Filter>Engine\GameObjects</Filter>
    </ClCompile>
    <ClCompile Include="Engine\GameObjects\CharacterGameObject.cpp">
      <Filter>Engine\GameObjects</Filter>
    </ClCompile>
    <ClCompile Include="Engine\Tools\ToolBase.cpp">
      <Filter>Engine\Tools</Filter>
    </ClCompile>
    <ClCompile Include="Engine\Tools\TileMapTool.cpp">
      <Filter>Engine\Tools</Filter>
    </ClCompile>
    <ClCompile Include="Engine\Managers\DebugDrawManager.cpp">
      <Filter>Engine\Managers</Filter>
    </ClCompile>
    <ClCompile Include="Engine\GameObjects\DebugRect.cpp">
      <Filter>Engine\GameObjects</Filter>
    </ClCompile>
    <ClCompile Include="Engine\Physics\Shape.cpp">
      <Filter>Engine\Physics</Filter>
    </ClCompile>
    <ClCompile Include="Engine\Tools\AnimationTool.cpp">
      <Filter>Engine\Tools</Filter>
    </ClCompile>
    <ClCompile Include="Engine\Managers\UiManager.cpp" />
    <ClCompile Include="Engine\GameUI\UiElement.cpp" />
    <ClCompile Include="Engine\GameUI\UiCanvas.cpp" />
  </ItemGroup>
  <ItemGroup>
    <FxCompile Include="Engine\Graphics\Shaders\BasicPixel.hlsl">
      <Filter>Engine\Graphics\Shaders</Filter>
    </FxCompile>
    <FxCompile Include="Engine\Graphics\Shaders\BasicVertex.hlsl">
      <Filter>Engine\Graphics\Shaders</Filter>
    </FxCompile>
    <FxCompile Include="Engine\Graphics\Shaders\DummyPosTex.hlsl">
      <Filter>Engine\Graphics\Shaders</Filter>
    </FxCompile>
    <FxCompile Include="Engine\Graphics\Shaders\PassthroughVertex.hlsl" />
  </ItemGroup>
</Project>